
Microsoft Visual Studio Solution File, Format Version 12.00
Project("{FAE04EC0-301F-11D3-BF4B-00C04F79EFBC}") = "Lamp", "Lamp\Lamp.csproj", "{C8567F96-2114-45FB-828B-B49473589BD0}"
EndProject
Project("{FAE04EC0-301F-11D3-BF4B-00C04F79EFBC}") = "MachineRunner", "MachineRunner\MachineRunner.csproj", "{68ADC1FB-B4A1-4A4E-8C93-39207F2145F5}"
EndProject
Global
	GlobalSection(SolutionConfigurationPlatforms) = preSolution
		Debug|Any CPU = Debug|Any CPU
		Release|Any CPU = Release|Any CPU
	EndGlobalSection
	GlobalSection(ProjectConfigurationPlatforms) = postSolution
		{C8567F96-2114-45FB-828B-B49473589BD0}.Debug|Any CPU.ActiveCfg = Debug|Any CPU
		{C8567F96-2114-45FB-828B-B49473589BD0}.Debug|Any CPU.Build.0 = Debug|Any CPU
		{C8567F96-2114-45FB-828B-B49473589BD0}.Release|Any CPU.ActiveCfg = Release|Any CPU
		{C8567F96-2114-45FB-828B-B49473589BD0}.Release|Any CPU.Build.0 = Release|Any CPU
		{68ADC1FB-B4A1-4A4E-8C93-39207F2145F5}.Debug|Any CPU.ActiveCfg = Debug|Any CPU
		{68ADC1FB-B4A1-4A4E-8C93-39207F2145F5}.Debug|Any CPU.Build.0 = Debug|Any CPU
		{68ADC1FB-B4A1-4A4E-8C93-39207F2145F5}.Release|Any CPU.ActiveCfg = Release|Any CPU
		{68ADC1FB-B4A1-4A4E-8C93-39207F2145F5}.Release|Any CPU.Build.0 = Release|Any CPU
	EndGlobalSection
EndGlobal
